
Microsoft Visual Studio Solution File, Format Version 12.00
# Visual Studio Version 16
VisualStudioVersion = 16.0.32929.386
MinimumVisualStudioVersion = 10.0.40219.1
Project("{FAE04EC0-301F-11D3-BF4B-00C04F79EFBC}") = "QuotesAPI", "QuotesAPI.csproj", "{8CE8F435-D77A-4DB6-AD5A-E9CE4C537743}"
EndProject
Global
	GlobalSection(SolutionConfigurationPlatforms) = preSolution
		Debug|Any CPU = Debug|Any CPU
		Release|Any CPU = Release|Any CPU
	EndGlobalSection
	GlobalSection(ProjectConfigurationPlatforms) = postSolution
		{8CE8F435-D77A-4DB6-AD5A-E9CE4C537743}.Debug|Any CPU.ActiveCfg = Debug|Any CPU
		{8CE8F435-D77A-4DB6-AD5A-E9CE4C537743}.Debug|Any CPU.Build.0 = Debug|Any CPU
		{8CE8F435-D77A-4DB6-AD5A-E9CE4C537743}.Release|Any CPU.ActiveCfg = Release|Any CPU
		{8CE8F435-D77A-4DB6-AD5A-E9CE4C537743}.Release|Any CPU.Build.0 = Release|Any CPU
	EndGlobalSection
	GlobalSection(SolutionProperties) = preSolution
		HideSolutionNode = FALSE
	EndGlobalSection
	GlobalSection(ExtensibilityGlobals) = postSolution
		SolutionGuid = {0AB4F25B-D35D-4E32-81CA-E32FC5F082C3}
	EndGlobalSection
EndGlobal
